
Microsoft Visual Studio Solution File, Format Version 12.00
# Visual Studio Version 17
VisualStudioVersion = 17.9.34616.47
MinimumVisualStudioVersion = 10.0.40219.1
Project("{FAE04EC0-301F-11D3-BF4B-00C04F79EFBC}") = "dummy-api", "dummy-api\dummy-api.csproj", "{E977C6F8-4D2C-45DF-80A7-C026DF5121D4}"
EndProject
Global
	GlobalSection(SolutionConfigurationPlatforms) = preSolution
		Debug|Any CPU = Debug|Any CPU
		Release|Any CPU = Release|Any CPU
	EndGlobalSection
	GlobalSection(ProjectConfigurationPlatforms) = postSolution
		{E977C6F8-4D2C-45DF-80A7-C026DF5121D4}.Debug|Any CPU.ActiveCfg = Debug|Any CPU
		{E977C6F8-4D2C-45DF-80A7-C026DF5121D4}.Debug|Any CPU.Build.0 = Debug|Any CPU
		{E977C6F8-4D2C-45DF-80A7-C026DF5121D4}.Release|Any CPU.ActiveCfg = Release|Any CPU
		{E977C6F8-4D2C-45DF-80A7-C026DF5121D4}.Release|Any CPU.Build.0 = Release|Any CPU
	EndGlobalSection
	GlobalSection(SolutionProperties) = preSolution
		HideSolutionNode = FALSE
	EndGlobalSection
	GlobalSection(ExtensibilityGlobals) = postSolution
		SolutionGuid = {254DC186-995C-4D12-B8FC-EBE5E70BAA35}
	EndGlobalSection
EndGlobal
